# This file is automatically @generated by Cargo.
# It is not intended for manual editing.
version = 4

[[package]]
name = "nxrs-allocation-probe"
version = "0.1.0"

[[package]]
name = "nxrs-ao-stress"
version = "0.1.0"
dependencies = [
 "nxrs-allocation-probe",
 "nxrs-service-event",
]

[[package]]
name = "nxrs-applications"
version = "0.1.0"
dependencies = [
 "nxrs-camera",
 "nxrs-service-event",
 "nxrs-services",
 "nxrs-storage",
 "nxrs-transport",
]

[[package]]
name = "nxrs-browser-threads"
version = "0.1.0"

[[package]]
name = "nxrs-camera"
version = "0.1.0"
dependencies = [
 "nxrs-camera-api",
 "nxrs-camera-mock",
 "nxrs-camera-native",
 "nxrs-camera-nuttx",
]

[[package]]
name = "nxrs-camera-api"
version = "0.1.0"
dependencies = [
 "nxrs-hal-common",
]

[[package]]
name = "nxrs-camera-mock"
version = "0.1.0"
dependencies = [
 "nxrs-camera-api",
]

[[package]]
name = "nxrs-camera-native"
version = "0.1.0"
dependencies = [
 "nxrs-camera-api",
]

[[package]]
name = "nxrs-camera-nuttx"
version = "0.1.0"
dependencies = [
 "nxrs-camera-api",
 "nxrs-nuttx-support",
]

[[package]]
name = "nxrs-dual-imu-demo"
version = "0.1.0"
dependencies = [
 "nxrs-navigation-services",
]

[[package]]
name = "nxrs-event-demo"
version = "0.1.0"
dependencies = [
 "nxrs-navigation-services",
]

[[package]]
name = "nxrs-firmware"
version = "0.1.0"

[[package]]
name = "nxrs-gnss"
version = "0.1.0"
dependencies = [
 "nxrs-gnss-api",
 "nxrs-gnss-mock",
]

[[package]]
name = "nxrs-gnss-api"
version = "0.1.0"
dependencies = [
 "nxrs-hal-common",
]

[[package]]
name = "nxrs-gnss-mock"
version = "0.1.0"
dependencies = [
 "nxrs-gnss-api",
]

[[package]]
name = "nxrs-hal-common"
version = "0.1.0"

[[package]]
name = "nxrs-imu"
version = "0.1.0"
dependencies = [
 "nxrs-imu-api",
 "nxrs-imu-mock",
]

[[package]]
name = "nxrs-imu-api"
version = "0.1.0"
dependencies = [
 "nxrs-hal-common",
]

[[package]]
name = "nxrs-imu-mock"
version = "0.1.0"
dependencies = [
 "nxrs-imu-api",
]

[[package]]
name = "nxrs-native-integration"
version = "0.1.0"
dependencies = [
 "nxrs-applications",
 "nxrs-camera-api",
 "nxrs-camera-native",
 "nxrs-services",
 "nxrs-storage-api",
 "nxrs-storage-native",
 "nxrs-transport-api",
 "nxrs-transport-native",
]

[[package]]
name = "nxrs-navigation-services"
version = "0.1.0"
dependencies = [
 "nxrs-gnss",
 "nxrs-imu",
 "nxrs-service-event",
]

[[package]]
name = "nxrs-nuttx-app"
version = "0.1.0"
dependencies = [
 "nxrs-applications",
 "nxrs-camera-api",
 "nxrs-camera-nuttx",
 "nxrs-nuttx-support",
 "nxrs-services",
 "nxrs-storage-api",
 "nxrs-storage-nuttx",
 "nxrs-transport-api",
 "nxrs-transport-nuttx",
]

[[package]]
name = "nxrs-nuttx-support"
version = "0.1.0"
dependencies = [
 "nxrs-hal-common",
]

[[package]]
name = "nxrs-service-event"
version = "0.1.0"

[[package]]
name = "nxrs-services"
version = "0.1.0"
dependencies = [
 "nxrs-camera-api",
 "nxrs-storage-api",
 "nxrs-transport-api",
]

[[package]]
name = "nxrs-simulator"
version = "0.1.0"
dependencies = [
 "nxrs-applications",
 "nxrs-camera-api",
 "nxrs-camera-mock",
 "nxrs-services",
 "nxrs-storage-mock",
 "nxrs-transport-mock",
]

[[package]]
name = "nxrs-std-demo"
version = "0.1.0"
dependencies = [
 "nxrs-allocation-probe",
]

[[package]]
name = "nxrs-std-resources"
version = "0.1.0"

[[package]]
name = "nxrs-std-udp"
version = "0.1.0"
dependencies = [
 "nxrs-transport-api",
 "nxrs-transport-nuttx",
]

[[package]]
name = "nxrs-storage"
version = "0.1.0"
dependencies = [
 "nxrs-storage-api",
 "nxrs-storage-mock",
 "nxrs-storage-native",
 "nxrs-storage-nuttx",
]

[[package]]
name = "nxrs-storage-api"
version = "0.1.0"
dependencies = [
 "nxrs-camera-api",
]

[[package]]
name = "nxrs-storage-mock"
version = "0.1.0"
dependencies = [
 "nxrs-storage-api",
]

[[package]]
name = "nxrs-storage-native"
version = "0.1.0"
dependencies = [
 "nxrs-storage-api",
]

[[package]]
name = "nxrs-storage-nuttx"
version = "0.1.0"
dependencies = [
 "nxrs-nuttx-support",
 "nxrs-storage-api",
]

[[package]]
name = "nxrs-transport"
version = "0.1.0"
dependencies = [
 "nxrs-transport-api",
 "nxrs-transport-mock",
 "nxrs-transport-native",
 "nxrs-transport-nuttx",
]

[[package]]
name = "nxrs-transport-api"
version = "0.1.0"
dependencies = [
 "nxrs-hal-common",
]

[[package]]
name = "nxrs-transport-mock"
version = "0.1.0"
dependencies = [
 "nxrs-transport-api",
]

[[package]]
name = "nxrs-transport-native"
version = "0.1.0"
dependencies = [
 "nxrs-transport-api",
]

[[package]]
name = "nxrs-transport-nuttx"
version = "0.1.0"
dependencies = [
 "nxrs-transport-api",
]
