# This file is automatically @generated by Cargo.
# It is not intended for manual editing.
version = 4

[[package]]
name = "rustcam-allocation-probe"
version = "0.1.0"

[[package]]
name = "rustcam-ao-stress"
version = "0.1.0"
dependencies = [
 "rustcam-allocation-probe",
 "rustcam-service-event",
]

[[package]]
name = "rustcam-applications"
version = "0.1.0"
dependencies = [
 "rustcam-camera",
 "rustcam-service-event",
 "rustcam-services",
 "rustcam-storage",
 "rustcam-transport",
]

[[package]]
name = "rustcam-browser-threads"
version = "0.1.0"

[[package]]
name = "rustcam-camera"
version = "0.1.0"
dependencies = [
 "rustcam-camera-api",
 "rustcam-camera-mock",
 "rustcam-camera-native",
 "rustcam-camera-nuttx",
]

[[package]]
name = "rustcam-camera-api"
version = "0.1.0"
dependencies = [
 "rustcam-hal-common",
]

[[package]]
name = "rustcam-camera-mock"
version = "0.1.0"
dependencies = [
 "rustcam-camera-api",
]

[[package]]
name = "rustcam-camera-native"
version = "0.1.0"
dependencies = [
 "rustcam-camera-api",
]

[[package]]
name = "rustcam-camera-nuttx"
version = "0.1.0"
dependencies = [
 "rustcam-camera-api",
 "rustcam-nuttx-support",
]

[[package]]
name = "rustcam-dual-imu-demo"
version = "0.1.0"
dependencies = [
 "rustcam-navigation-services",
]

[[package]]
name = "rustcam-event-demo"
version = "0.1.0"
dependencies = [
 "rustcam-navigation-services",
]

[[package]]
name = "rustcam-firmware"
version = "0.1.0"

[[package]]
name = "rustcam-gnss"
version = "0.1.0"
dependencies = [
 "rustcam-gnss-api",
 "rustcam-gnss-mock",
]

[[package]]
name = "rustcam-gnss-api"
version = "0.1.0"
dependencies = [
 "rustcam-hal-common",
]

[[package]]
name = "rustcam-gnss-mock"
version = "0.1.0"
dependencies = [
 "rustcam-gnss-api",
]

[[package]]
name = "rustcam-hal-common"
version = "0.1.0"

[[package]]
name = "rustcam-imu"
version = "0.1.0"
dependencies = [
 "rustcam-imu-api",
 "rustcam-imu-mock",
]

[[package]]
name = "rustcam-imu-api"
version = "0.1.0"
dependencies = [
 "rustcam-hal-common",
]

[[package]]
name = "rustcam-imu-mock"
version = "0.1.0"
dependencies = [
 "rustcam-imu-api",
]

[[package]]
name = "rustcam-native-integration"
version = "0.1.0"
dependencies = [
 "rustcam-applications",
 "rustcam-camera-api",
 "rustcam-camera-native",
 "rustcam-services",
 "rustcam-storage-api",
 "rustcam-storage-native",
 "rustcam-transport-api",
 "rustcam-transport-native",
]

[[package]]
name = "rustcam-navigation-services"
version = "0.1.0"
dependencies = [
 "rustcam-gnss",
 "rustcam-imu",
 "rustcam-service-event",
]

[[package]]
name = "rustcam-nuttx-app"
version = "0.1.0"
dependencies = [
 "rustcam-applications",
 "rustcam-camera-api",
 "rustcam-camera-nuttx",
 "rustcam-nuttx-support",
 "rustcam-services",
 "rustcam-storage-api",
 "rustcam-storage-nuttx",
 "rustcam-transport-api",
 "rustcam-transport-nuttx",
]

[[package]]
name = "rustcam-nuttx-support"
version = "0.1.0"
dependencies = [
 "rustcam-hal-common",
]

[[package]]
name = "rustcam-service-event"
version = "0.1.0"

[[package]]
name = "rustcam-services"
version = "0.1.0"
dependencies = [
 "rustcam-camera-api",
 "rustcam-storage-api",
 "rustcam-transport-api",
]

[[package]]
name = "rustcam-simulator"
version = "0.1.0"
dependencies = [
 "rustcam-applications",
 "rustcam-camera-api",
 "rustcam-camera-mock",
 "rustcam-services",
 "rustcam-storage-mock",
 "rustcam-transport-mock",
]

[[package]]
name = "rustcam-std-demo"
version = "0.1.0"
dependencies = [
 "rustcam-allocation-probe",
]

[[package]]
name = "rustcam-std-resources"
version = "0.1.0"

[[package]]
name = "rustcam-std-udp"
version = "0.1.0"
dependencies = [
 "rustcam-transport-api",
 "rustcam-transport-nuttx",
]

[[package]]
name = "rustcam-storage"
version = "0.1.0"
dependencies = [
 "rustcam-storage-api",
 "rustcam-storage-mock",
 "rustcam-storage-native",
 "rustcam-storage-nuttx",
]

[[package]]
name = "rustcam-storage-api"
version = "0.1.0"
dependencies = [
 "rustcam-camera-api",
]

[[package]]
name = "rustcam-storage-mock"
version = "0.1.0"
dependencies = [
 "rustcam-storage-api",
]

[[package]]
name = "rustcam-storage-native"
version = "0.1.0"
dependencies = [
 "rustcam-storage-api",
]

[[package]]
name = "rustcam-storage-nuttx"
version = "0.1.0"
dependencies = [
 "rustcam-nuttx-support",
 "rustcam-storage-api",
]

[[package]]
name = "rustcam-transport"
version = "0.1.0"
dependencies = [
 "rustcam-transport-api",
 "rustcam-transport-mock",
 "rustcam-transport-native",
 "rustcam-transport-nuttx",
]

[[package]]
name = "rustcam-transport-api"
version = "0.1.0"
dependencies = [
 "rustcam-hal-common",
]

[[package]]
name = "rustcam-transport-mock"
version = "0.1.0"
dependencies = [
 "rustcam-transport-api",
]

[[package]]
name = "rustcam-transport-native"
version = "0.1.0"
dependencies = [
 "rustcam-transport-api",
]

[[package]]
name = "rustcam-transport-nuttx"
version = "0.1.0"
dependencies = [
 "rustcam-transport-api",
]
